
Microsoft Visual Studio Solution File, Format Version 12.00
# Visual Studio Version 16
VisualStudioVersion = 16.0.31005.135
MinimumVisualStudioVersion = 10.0.40219.1
Project("{FAE04EC0-301F-11D3-BF4B-00C04F79EFBC}") = "POMExample", "POMExample\POMExample.csproj", "{6539C3C0-1732-4991-8FB0-E9A6C4B55A03}"
EndProject
Project("{9A19103F-16F7-4668-BE54-9A1E7A4F7556}") = "Tests", "Tests\Tests.csproj", "{458DADD5-0E24-4077-9D0E-F0A72EEEF37E}"
EndProject
Global
	GlobalSection(SolutionConfigurationPlatforms) = preSolution
		Debug|Any CPU = Debug|Any CPU
		Release|Any CPU = Release|Any CPU
	EndGlobalSection
	GlobalSection(ProjectConfigurationPlatforms) = postSolution
		{6539C3C0-1732-4991-8FB0-E9A6C4B55A03}.Debug|Any CPU.ActiveCfg = Debug|Any CPU
		{6539C3C0-1732-4991-8FB0-E9A6C4B55A03}.Debug|Any CPU.Build.0 = Debug|Any CPU
		{6539C3C0-1732-4991-8FB0-E9A6C4B55A03}.Release|Any CPU.ActiveCfg = Release|Any CPU
		{6539C3C0-1732-4991-8FB0-E9A6C4B55A03}.Release|Any CPU.Build.0 = Release|Any CPU
		{458DADD5-0E24-4077-9D0E-F0A72EEEF37E}.Debug|Any CPU.ActiveCfg = Debug|Any CPU
		{458DADD5-0E24-4077-9D0E-F0A72EEEF37E}.Debug|Any CPU.Build.0 = Debug|Any CPU
		{458DADD5-0E24-4077-9D0E-F0A72EEEF37E}.Release|Any CPU.ActiveCfg = Release|Any CPU
		{458DADD5-0E24-4077-9D0E-F0A72EEEF37E}.Release|Any CPU.Build.0 = Release|Any CPU
	EndGlobalSection
	GlobalSection(SolutionProperties) = preSolution
		HideSolutionNode = FALSE
	EndGlobalSection
	GlobalSection(ExtensibilityGlobals) = postSolution
		SolutionGuid = {E4CAA673-D9E2-4C8C-9A04-04AA0C5872B4}
	EndGlobalSection
EndGlobal
